// !$*UTF8*$!
{
	archiveVersion = 1;
	classes = {
	};
	objectVersion = 77;
	objects = {

/* Begin PBXBuildFile section */
		AA0000000000000000000110 /* VolumeUnit.swift in Sources */ = {isa = PBXBuildFile; fileRef = AA0000000000000000000100 /* VolumeUnit.swift */; };
		AA0000000000000000000111 /* DrinkEntry.swift in Sources */ = {isa = PBXBuildFile; fileRef = AA0000000000000000000101 /* DrinkEntry.swift */; };
		AA0000000000000000000112 /* UserSettings.swift in Sources */ = {isa = PBXBuildFile; fileRef = AA0000000000000000000102 /* UserSettings.swift */; };
		AA0000000000000000000113 /* SharedModelContainer.swift in Sources */ = {isa = PBXBuildFile; fileRef = AA0000000000000000000103 /* SharedModelContainer.swift */; };
		AA0000000000000000000114 /* HydrationStore.swift in Sources */ = {isa = PBXBuildFile; fileRef = AA0000000000000000000104 /* HydrationStore.swift */; };
		AA0000000000000000000115 /* AddDrinkIntent.swift in Sources */ = {isa = PBXBuildFile; fileRef = AA0000000000000000000105 /* AddDrinkIntent.swift */; };
		AA0000000000000000000116 /* Assets.xcassets in Resources */ = {isa = PBXBuildFile; fileRef = AA0000000000000000000106 /* Assets.xcassets */; };
		AA0000000000000000000117 /* Theme.swift in Sources */ = {isa = PBXBuildFile; fileRef = AA0000000000000000000107 /* Theme.swift */; };
		AA0000000000000000000127 /* Theme.swift in Sources */ = {isa = PBXBuildFile; fileRef = AA0000000000000000000107 /* Theme.swift */; };
		AA0000000000000000000120 /* VolumeUnit.swift in Sources */ = {isa = PBXBuildFile; fileRef = AA0000000000000000000100 /* VolumeUnit.swift */; };
		AA0000000000000000000121 /* DrinkEntry.swift in Sources */ = {isa = PBXBuildFile; fileRef = AA0000000000000000000101 /* DrinkEntry.swift */; };
		AA0000000000000000000122 /* UserSettings.swift in Sources */ = {isa = PBXBuildFile; fileRef = AA0000000000000000000102 /* UserSettings.swift */; };
		AA0000000000000000000123 /* SharedModelContainer.swift in Sources */ = {isa = PBXBuildFile; fileRef = AA0000000000000000000103 /* SharedModelContainer.swift */; };
		AA0000000000000000000124 /* HydrationStore.swift in Sources */ = {isa = PBXBuildFile; fileRef = AA0000000000000000000104 /* HydrationStore.swift */; };
		AA0000000000000000000125 /* AddDrinkIntent.swift in Sources */ = {isa = PBXBuildFile; fileRef = AA0000000000000000000105 /* AddDrinkIntent.swift */; };
		AA0000000000000000000126 /* Assets.xcassets in Resources */ = {isa = PBXBuildFile; fileRef = AA0000000000000000000106 /* Assets.xcassets */; };
		AA0000000000000000000060 /* HydroHomieWidget.appex in Embed Foundation Extensions */ = {isa = PBXBuildFile; fileRef = AA0000000000000000000021 /* HydroHomieWidget.appex */; settings = {ATTRIBUTES = (RemoveHeadersOnCopy, ); }; };
/* End PBXBuildFile section */

/* Begin PBXContainerItemProxy section */
		AA0000000000000000000071 /* PBXContainerItemProxy */ = {
			isa = PBXContainerItemProxy;
			containerPortal = AA0000000000000000000001 /* Project object */;
			proxyType = 1;
			remoteGlobalIDString = AA0000000000000000000041;
			remoteInfo = HydroHomieWidget;
		};
		AA0000000000000000000073 /* PBXContainerItemProxy */ = {
			isa = PBXContainerItemProxy;
			containerPortal = AA0000000000000000000001 /* Project object */;
			proxyType = 1;
			remoteGlobalIDString = AA0000000000000000000040;
			remoteInfo = HydroHomie;
		};
/* End PBXContainerItemProxy section */

/* Begin PBXCopyFilesBuildPhase section */
		AA0000000000000000000053 /* Embed Foundation Extensions */ = {
			isa = PBXCopyFilesBuildPhase;
			buildActionMask = 2147483647;
			dstPath = "";
			dstSubfolderSpec = 13;
			files = (
				AA0000000000000000000060 /* HydroHomieWidget.appex in Embed Foundation Extensions */,
			);
			name = "Embed Foundation Extensions";
			runOnlyForDeploymentPostprocessing = 0;
		};
/* End PBXCopyFilesBuildPhase section */

/* Begin PBXFileReference section */
		AA0000000000000000000020 /* HydroHomie.app */ = {isa = PBXFileReference; explicitFileType = wrapper.application; includeInIndex = 0; path = HydroHomie.app; sourceTree = BUILT_PRODUCTS_DIR; };
		AA0000000000000000000021 /* HydroHomieWidget.appex */ = {isa = PBXFileReference; explicitFileType = "wrapper.app-extension"; includeInIndex = 0; path = HydroHomieWidget.appex; sourceTree = BUILT_PRODUCTS_DIR; };
		AA0000000000000000000022 /* HydroHomieTests.xctest */ = {isa = PBXFileReference; explicitFileType = wrapper.cfbundle; includeInIndex = 0; path = HydroHomieTests.xctest; sourceTree = BUILT_PRODUCTS_DIR; };
		AA0000000000000000000030 /* HydroHomie-Info.plist */ = {isa = PBXFileReference; lastKnownFileType = text.plist.xml; path = "HydroHomie-Info.plist"; sourceTree = "<group>"; };
		AA0000000000000000000031 /* HydroHomie.entitlements */ = {isa = PBXFileReference; lastKnownFileType = text.plist.entitlements; path = HydroHomie.entitlements; sourceTree = "<group>"; };
		AA0000000000000000000032 /* HydroHomieWidget-Info.plist */ = {isa = PBXFileReference; lastKnownFileType = text.plist.xml; path = "HydroHomieWidget-Info.plist"; sourceTree = "<group>"; };
		AA0000000000000000000033 /* HydroHomieWidget.entitlements */ = {isa = PBXFileReference; lastKnownFileType = text.plist.entitlements; path = HydroHomieWidget.entitlements; sourceTree = "<group>"; };
		AA0000000000000000000100 /* VolumeUnit.swift */ = {isa = PBXFileReference; lastKnownFileType = sourcecode.swift; path = VolumeUnit.swift; sourceTree = "<group>"; };
		AA0000000000000000000101 /* DrinkEntry.swift */ = {isa = PBXFileReference; lastKnownFileType = sourcecode.swift; path = DrinkEntry.swift; sourceTree = "<group>"; };
		AA0000000000000000000102 /* UserSettings.swift */ = {isa = PBXFileReference; lastKnownFileType = sourcecode.swift; path = UserSettings.swift; sourceTree = "<group>"; };
		AA0000000000000000000103 /* SharedModelContainer.swift */ = {isa = PBXFileReference; lastKnownFileType = sourcecode.swift; path = SharedModelContainer.swift; sourceTree = "<group>"; };
		AA0000000000000000000104 /* HydrationStore.swift */ = {isa = PBXFileReference; lastKnownFileType = sourcecode.swift; path = HydrationStore.swift; sourceTree = "<group>"; };
		AA0000000000000000000105 /* AddDrinkIntent.swift */ = {isa = PBXFileReference; lastKnownFileType = sourcecode.swift; path = AddDrinkIntent.swift; sourceTree = "<group>"; };
		AA0000000000000000000106 /* Assets.xcassets */ = {isa = PBXFileReference; lastKnownFileType = folder.assetcatalog; path = Assets.xcassets; sourceTree = "<group>"; };
		AA0000000000000000000107 /* Theme.swift */ = {isa = PBXFileReference; lastKnownFileType = sourcecode.swift; path = Theme.swift; sourceTree = "<group>"; };
/* End PBXFileReference section */

/* Begin PBXFileSystemSynchronizedRootGroup section */
		AA0000000000000000000011 /* HydroHomie */ = {
			isa = PBXFileSystemSynchronizedRootGroup;
			path = HydroHomie;
			sourceTree = "<group>";
		};
		AA0000000000000000000012 /* HydroHomieWidget */ = {
			isa = PBXFileSystemSynchronizedRootGroup;
			path = HydroHomieWidget;
			sourceTree = "<group>";
		};
		AA0000000000000000000013 /* HydroHomieTests */ = {
			isa = PBXFileSystemSynchronizedRootGroup;
			path = HydroHomieTests;
			sourceTree = "<group>";
		};
/* End PBXFileSystemSynchronizedRootGroup section */

/* Begin PBXFrameworksBuildPhase section */
		AA0000000000000000000051 /* Frameworks */ = {
			isa = PBXFrameworksBuildPhase;
			buildActionMask = 2147483647;
			files = (
			);
			runOnlyForDeploymentPostprocessing = 0;
		};
		AA0000000000000000000055 /* Frameworks */ = {
			isa = PBXFrameworksBuildPhase;
			buildActionMask = 2147483647;
			files = (
			);
			runOnlyForDeploymentPostprocessing = 0;
		};
		AA0000000000000000000058 /* Frameworks */ = {
			isa = PBXFrameworksBuildPhase;
			buildActionMask = 2147483647;
			files = (
			);
			runOnlyForDeploymentPostprocessing = 0;
		};
/* End PBXFrameworksBuildPhase section */

/* Begin PBXGroup section */
		AA0000000000000000000002 = {
			isa = PBXGroup;
			children = (
				AA0000000000000000000090 /* Shared */,
				AA0000000000000000000011 /* HydroHomie */,
				AA0000000000000000000012 /* HydroHomieWidget */,
				AA0000000000000000000013 /* HydroHomieTests */,
				AA0000000000000000000004 /* Config */,
				AA0000000000000000000003 /* Products */,
			);
			sourceTree = "<group>";
		};
		AA0000000000000000000003 /* Products */ = {
			isa = PBXGroup;
			children = (
				AA0000000000000000000020 /* HydroHomie.app */,
				AA0000000000000000000021 /* HydroHomieWidget.appex */,
				AA0000000000000000000022 /* HydroHomieTests.xctest */,
			);
			name = Products;
			sourceTree = "<group>";
		};
		AA0000000000000000000004 /* Config */ = {
			isa = PBXGroup;
			children = (
				AA0000000000000000000030 /* HydroHomie-Info.plist */,
				AA0000000000000000000031 /* HydroHomie.entitlements */,
				AA0000000000000000000032 /* HydroHomieWidget-Info.plist */,
				AA0000000000000000000033 /* HydroHomieWidget.entitlements */,
			);
			path = Config;
			sourceTree = "<group>";
		};
		AA0000000000000000000090 /* Shared */ = {
			isa = PBXGroup;
			children = (
				AA0000000000000000000091 /* Models */,
				AA0000000000000000000092 /* Persistence */,
				AA0000000000000000000093 /* Intents */,
				AA0000000000000000000107 /* Theme.swift */,
				AA0000000000000000000106 /* Assets.xcassets */,
			);
			path = Shared;
			sourceTree = "<group>";
		};
		AA0000000000000000000091 /* Models */ = {
			isa = PBXGroup;
			children = (
				AA0000000000000000000100 /* VolumeUnit.swift */,
				AA0000000000000000000101 /* DrinkEntry.swift */,
				AA0000000000000000000102 /* UserSettings.swift */,
			);
			path = Models;
			sourceTree = "<group>";
		};
		AA0000000000000000000092 /* Persistence */ = {
			isa = PBXGroup;
			children = (
				AA0000000000000000000103 /* SharedModelContainer.swift */,
				AA0000000000000000000104 /* HydrationStore.swift */,
			);
			path = Persistence;
			sourceTree = "<group>";
		};
		AA0000000000000000000093 /* Intents */ = {
			isa = PBXGroup;
			children = (
				AA0000000000000000000105 /* AddDrinkIntent.swift */,
			);
			path = Intents;
			sourceTree = "<group>";
		};
/* End PBXGroup section */

/* Begin PBXNativeTarget section */
		AA0000000000000000000040 /* HydroHomie */ = {
			isa = PBXNativeTarget;
			buildConfigurationList = AA0000000000000000000085 /* Build configuration list for PBXNativeTarget "HydroHomie" */;
			buildPhases = (
				AA0000000000000000000050 /* Sources */,
				AA0000000000000000000051 /* Frameworks */,
				AA0000000000000000000052 /* Resources */,
				AA0000000000000000000053 /* Embed Foundation Extensions */,
			);
			buildRules = (
			);
			dependencies = (
				AA0000000000000000000070 /* PBXTargetDependency */,
			);
			fileSystemSynchronizedGroups = (
				AA0000000000000000000011 /* HydroHomie */,
			);
			name = HydroHomie;
			productName = HydroHomie;
			productReference = AA0000000000000000000020 /* HydroHomie.app */;
			productType = "com.apple.product-type.application";
		};
		AA0000000000000000000041 /* HydroHomieWidget */ = {
			isa = PBXNativeTarget;
			buildConfigurationList = AA0000000000000000000088 /* Build configuration list for PBXNativeTarget "HydroHomieWidget" */;
			buildPhases = (
				AA0000000000000000000054 /* Sources */,
				AA0000000000000000000055 /* Frameworks */,
				AA0000000000000000000056 /* Resources */,
			);
			buildRules = (
			);
			dependencies = (
			);
			fileSystemSynchronizedGroups = (
				AA0000000000000000000012 /* HydroHomieWidget */,
			);
			name = HydroHomieWidget;
			productName = HydroHomieWidget;
			productReference = AA0000000000000000000021 /* HydroHomieWidget.appex */;
			productType = "com.apple.product-type.app-extension";
		};
		AA0000000000000000000042 /* HydroHomieTests */ = {
			isa = PBXNativeTarget;
			buildConfigurationList = AA000000000000000000008B /* Build configuration list for PBXNativeTarget "HydroHomieTests" */;
			buildPhases = (
				AA0000000000000000000057 /* Sources */,
				AA0000000000000000000058 /* Frameworks */,
				AA0000000000000000000059 /* Resources */,
			);
			buildRules = (
			);
			dependencies = (
				AA0000000000000000000072 /* PBXTargetDependency */,
			);
			fileSystemSynchronizedGroups = (
				AA0000000000000000000013 /* HydroHomieTests */,
			);
			name = HydroHomieTests;
			productName = HydroHomieTests;
			productReference = AA0000000000000000000022 /* HydroHomieTests.xctest */;
			productType = "com.apple.product-type.bundle.unit-test";
		};
/* End PBXNativeTarget section */

/* Begin PBXProject section */
		AA0000000000000000000001 /* Project object */ = {
			isa = PBXProject;
			attributes = {
				BuildIndependentTargetsInParallel = 1;
				LastSwiftUpdateCheck = 2600;
				LastUpgradeCheck = 2600;
				TargetAttributes = {
					AA0000000000000000000040 = {
						CreatedOnToolsVersion = 26.0;
					};
					AA0000000000000000000041 = {
						CreatedOnToolsVersion = 26.0;
					};
					AA0000000000000000000042 = {
						CreatedOnToolsVersion = 26.0;
						TestTargetID = AA0000000000000000000040;
					};
				};
			};
			buildConfigurationList = AA0000000000000000000082 /* Build configuration list for PBXProject "HydroHomie" */;
			developmentRegion = en;
			hasScannedForEncodings = 0;
			knownRegions = (
				en,
				Base,
			);
			mainGroup = AA0000000000000000000002;
			minimizedProjectReferenceProxies = 1;
			preferredProjectObjectVersion = 77;
			productRefGroup = AA0000000000000000000003 /* Products */;
			projectDirPath = "";
			projectRoot = "";
			targets = (
				AA0000000000000000000040 /* HydroHomie */,
				AA0000000000000000000041 /* HydroHomieWidget */,
				AA0000000000000000000042 /* HydroHomieTests */,
			);
		};
/* End PBXProject section */

/* Begin PBXResourcesBuildPhase section */
		AA0000000000000000000052 /* Resources */ = {
			isa = PBXResourcesBuildPhase;
			buildActionMask = 2147483647;
			files = (
				AA0000000000000000000116 /* Assets.xcassets in Resources */,
			);
			runOnlyForDeploymentPostprocessing = 0;
		};
		AA0000000000000000000056 /* Resources */ = {
			isa = PBXResourcesBuildPhase;
			buildActionMask = 2147483647;
			files = (
				AA0000000000000000000126 /* Assets.xcassets in Resources */,
			);
			runOnlyForDeploymentPostprocessing = 0;
		};
		AA0000000000000000000059 /* Resources */ = {
			isa = PBXResourcesBuildPhase;
			buildActionMask = 2147483647;
			files = (
			);
			runOnlyForDeploymentPostprocessing = 0;
		};
/* End PBXResourcesBuildPhase section */

/* Begin PBXSourcesBuildPhase section */
		AA0000000000000000000050 /* Sources */ = {
			isa = PBXSourcesBuildPhase;
			buildActionMask = 2147483647;
			files = (
				AA0000000000000000000110 /* VolumeUnit.swift in Sources */,
				AA0000000000000000000111 /* DrinkEntry.swift in Sources */,
				AA0000000000000000000112 /* UserSettings.swift in Sources */,
				AA0000000000000000000113 /* SharedModelContainer.swift in Sources */,
				AA0000000000000000000114 /* HydrationStore.swift in Sources */,
				AA0000000000000000000115 /* AddDrinkIntent.swift in Sources */,
				AA0000000000000000000117 /* Theme.swift in Sources */,
			);
			runOnlyForDeploymentPostprocessing = 0;
		};
		AA0000000000000000000054 /* Sources */ = {
			isa = PBXSourcesBuildPhase;
			buildActionMask = 2147483647;
			files = (
				AA0000000000000000000120 /* VolumeUnit.swift in Sources */,
				AA0000000000000000000121 /* DrinkEntry.swift in Sources */,
				AA0000000000000000000122 /* UserSettings.swift in Sources */,
				AA0000000000000000000123 /* SharedModelContainer.swift in Sources */,
				AA0000000000000000000124 /* HydrationStore.swift in Sources */,
				AA0000000000000000000125 /* AddDrinkIntent.swift in Sources */,
				AA0000000000000000000127 /* Theme.swift in Sources */,
			);
			runOnlyForDeploymentPostprocessing = 0;
		};
		AA0000000000000000000057 /* Sources */ = {
			isa = PBXSourcesBuildPhase;
			buildActionMask = 2147483647;
			files = (
			);
			runOnlyForDeploymentPostprocessing = 0;
		};
/* End PBXSourcesBuildPhase section */

/* Begin PBXTargetDependency section */
		AA0000000000000000000070 /* PBXTargetDependency */ = {
			isa = PBXTargetDependency;
			target = AA0000000000000000000041 /* HydroHomieWidget */;
			targetProxy = AA0000000000000000000071 /* PBXContainerItemProxy */;
		};
		AA0000000000000000000072 /* PBXTargetDependency */ = {
			isa = PBXTargetDependency;
			target = AA0000000000000000000040 /* HydroHomie */;
			targetProxy = AA0000000000000000000073 /* PBXContainerItemProxy */;
		};
/* End PBXTargetDependency section */

/* Begin XCBuildConfiguration section */
		AA0000000000000000000080 /* Debug */ = {
			isa = XCBuildConfiguration;
			buildSettings = {
				ALWAYS_SEARCH_USER_PATHS = NO;
				CLANG_ENABLE_MODULES = YES;
				CLANG_ENABLE_OBJC_ARC = YES;
				COPY_PHASE_STRIP = NO;
				DEBUG_INFORMATION_FORMAT = dwarf;
				ENABLE_STRICT_OBJC_MSGSEND = YES;
				ENABLE_TESTABILITY = YES;
				GCC_DYNAMIC_NO_PIC = NO;
				GCC_OPTIMIZATION_LEVEL = 0;
				GCC_PREPROCESSOR_DEFINITIONS = (
					"DEBUG=1",
					"$(inherited)",
				);
				IPHONEOS_DEPLOYMENT_TARGET = 17.0;
				MTL_ENABLE_DEBUG_INFO = INCLUDE_SOURCE;
				ONLY_ACTIVE_ARCH = YES;
				SDKROOT = iphoneos;
				SWIFT_ACTIVE_COMPILATION_CONDITIONS = "DEBUG $(inherited)";
				SWIFT_OPTIMIZATION_LEVEL = "-Onone";
				SWIFT_VERSION = 5.0;
			};
			name = Debug;
		};
		AA0000000000000000000081 /* Release */ = {
			isa = XCBuildConfiguration;
			buildSettings = {
				ALWAYS_SEARCH_USER_PATHS = NO;
				CLANG_ENABLE_MODULES = YES;
				CLANG_ENABLE_OBJC_ARC = YES;
				COPY_PHASE_STRIP = NO;
				DEBUG_INFORMATION_FORMAT = "dwarf-with-dsym";
				ENABLE_NS_ASSERTIONS = NO;
				ENABLE_STRICT_OBJC_MSGSEND = YES;
				IPHONEOS_DEPLOYMENT_TARGET = 17.0;
				MTL_ENABLE_DEBUG_INFO = NO;
				SDKROOT = iphoneos;
				SWIFT_COMPILATION_MODE = wholemodule;
				SWIFT_VERSION = 5.0;
				VALIDATE_PRODUCT = YES;
			};
			name = Release;
		};
		AA0000000000000000000083 /* Debug */ = {
			isa = XCBuildConfiguration;
			buildSettings = {
				ASSETCATALOG_COMPILER_APPICON_NAME = AppIcon;
				ASSETCATALOG_COMPILER_GLOBAL_ACCENT_COLOR_NAME = AccentColor;
				CODE_SIGN_ENTITLEMENTS = Config/HydroHomie.entitlements;
				CODE_SIGN_STYLE = Automatic;
				CURRENT_PROJECT_VERSION = 1;
				DEVELOPMENT_TEAM = "";
				ENABLE_PREVIEWS = YES;
				GENERATE_INFOPLIST_FILE = NO;
				INFOPLIST_FILE = "Config/HydroHomie-Info.plist";
				LD_RUNPATH_SEARCH_PATHS = (
					"$(inherited)",
					"@executable_path/Frameworks",
				);
				MARKETING_VERSION = 1.0;
				PRODUCT_BUNDLE_IDENTIFIER = com.hydrohomie.app;
				PRODUCT_NAME = "$(TARGET_NAME)";
				SWIFT_EMIT_LOC_STRINGS = YES;
				TARGETED_DEVICE_FAMILY = "1,2";
			};
			name = Debug;
		};
		AA0000000000000000000084 /* Release */ = {
			isa = XCBuildConfiguration;
			buildSettings = {
				ASSETCATALOG_COMPILER_APPICON_NAME = AppIcon;
				ASSETCATALOG_COMPILER_GLOBAL_ACCENT_COLOR_NAME = AccentColor;
				CODE_SIGN_ENTITLEMENTS = Config/HydroHomie.entitlements;
				CODE_SIGN_STYLE = Automatic;
				CURRENT_PROJECT_VERSION = 1;
				DEVELOPMENT_TEAM = "";
				ENABLE_PREVIEWS = YES;
				GENERATE_INFOPLIST_FILE = NO;
				INFOPLIST_FILE = "Config/HydroHomie-Info.plist";
				LD_RUNPATH_SEARCH_PATHS = (
					"$(inherited)",
					"@executable_path/Frameworks",
				);
				MARKETING_VERSION = 1.0;
				PRODUCT_BUNDLE_IDENTIFIER = com.hydrohomie.app;
				PRODUCT_NAME = "$(TARGET_NAME)";
				SWIFT_EMIT_LOC_STRINGS = YES;
				TARGETED_DEVICE_FAMILY = "1,2";
			};
			name = Release;
		};
		AA0000000000000000000086 /* Debug */ = {
			isa = XCBuildConfiguration;
			buildSettings = {
				ASSETCATALOG_COMPILER_GLOBAL_ACCENT_COLOR_NAME = AccentColor;
				ASSETCATALOG_COMPILER_WIDGET_BACKGROUND_COLOR_NAME = "";
				CODE_SIGN_ENTITLEMENTS = Config/HydroHomieWidget.entitlements;
				CODE_SIGN_STYLE = Automatic;
				CURRENT_PROJECT_VERSION = 1;
				DEVELOPMENT_TEAM = "";
				ENABLE_PREVIEWS = YES;
				GENERATE_INFOPLIST_FILE = NO;
				INFOPLIST_FILE = "Config/HydroHomieWidget-Info.plist";
				LD_RUNPATH_SEARCH_PATHS = (
					"$(inherited)",
					"@executable_path/Frameworks",
					"@executable_path/../../Frameworks",
				);
				MARKETING_VERSION = 1.0;
				PRODUCT_BUNDLE_IDENTIFIER = com.hydrohomie.app.widget;
				PRODUCT_NAME = "$(TARGET_NAME)";
				SKIP_INSTALL = YES;
				SWIFT_EMIT_LOC_STRINGS = YES;
				TARGETED_DEVICE_FAMILY = "1,2";
			};
			name = Debug;
		};
		AA0000000000000000000087 /* Release */ = {
			isa = XCBuildConfiguration;
			buildSettings = {
				ASSETCATALOG_COMPILER_GLOBAL_ACCENT_COLOR_NAME = AccentColor;
				ASSETCATALOG_COMPILER_WIDGET_BACKGROUND_COLOR_NAME = "";
				CODE_SIGN_ENTITLEMENTS = Config/HydroHomieWidget.entitlements;
				CODE_SIGN_STYLE = Automatic;
				CURRENT_PROJECT_VERSION = 1;
				DEVELOPMENT_TEAM = "";
				ENABLE_PREVIEWS = YES;
				GENERATE_INFOPLIST_FILE = NO;
				INFOPLIST_FILE = "Config/HydroHomieWidget-Info.plist";
				LD_RUNPATH_SEARCH_PATHS = (
					"$(inherited)",
					"@executable_path/Frameworks",
					"@executable_path/../../Frameworks",
				);
				MARKETING_VERSION = 1.0;
				PRODUCT_BUNDLE_IDENTIFIER = com.hydrohomie.app.widget;
				PRODUCT_NAME = "$(TARGET_NAME)";
				SKIP_INSTALL = YES;
				SWIFT_EMIT_LOC_STRINGS = YES;
				TARGETED_DEVICE_FAMILY = "1,2";
			};
			name = Release;
		};
		AA0000000000000000000089 /* Debug */ = {
			isa = XCBuildConfiguration;
			buildSettings = {
				BUNDLE_LOADER = "$(TEST_HOST)";
				CODE_SIGN_STYLE = Automatic;
				CURRENT_PROJECT_VERSION = 1;
				DEVELOPMENT_TEAM = "";
				GENERATE_INFOPLIST_FILE = YES;
				MARKETING_VERSION = 1.0;
				PRODUCT_BUNDLE_IDENTIFIER = com.hydrohomie.app.tests;
				PRODUCT_NAME = "$(TARGET_NAME)";
				TARGETED_DEVICE_FAMILY = "1,2";
				TEST_HOST = "$(BUILT_PRODUCTS_DIR)/HydroHomie.app/$(BUNDLE_EXECUTABLE_FOLDER_PATH)/HydroHomie";
			};
			name = Debug;
		};
		AA000000000000000000008A /* Release */ = {
			isa = XCBuildConfiguration;
			buildSettings = {
				BUNDLE_LOADER = "$(TEST_HOST)";
				CODE_SIGN_STYLE = Automatic;
				CURRENT_PROJECT_VERSION = 1;
				DEVELOPMENT_TEAM = "";
				GENERATE_INFOPLIST_FILE = YES;
				MARKETING_VERSION = 1.0;
				PRODUCT_BUNDLE_IDENTIFIER = com.hydrohomie.app.tests;
				PRODUCT_NAME = "$(TARGET_NAME)";
				TARGETED_DEVICE_FAMILY = "1,2";
				TEST_HOST = "$(BUILT_PRODUCTS_DIR)/HydroHomie.app/$(BUNDLE_EXECUTABLE_FOLDER_PATH)/HydroHomie";
			};
			name = Release;
		};
/* End XCBuildConfiguration section */

/* Begin XCConfigurationList section */
		AA0000000000000000000082 /* Build configuration list for PBXProject "HydroHomie" */ = {
			isa = XCConfigurationList;
			buildConfigurations = (
				AA0000000000000000000080 /* Debug */,
				AA0000000000000000000081 /* Release */,
			);
			defaultConfigurationIsVisible = 0;
			defaultConfigurationName = Release;
		};
		AA0000000000000000000085 /* Build configuration list for PBXNativeTarget "HydroHomie" */ = {
			isa = XCConfigurationList;
			buildConfigurations = (
				AA0000000000000000000083 /* Debug */,
				AA0000000000000000000084 /* Release */,
			);
			defaultConfigurationIsVisible = 0;
			defaultConfigurationName = Release;
		};
		AA0000000000000000000088 /* Build configuration list for PBXNativeTarget "HydroHomieWidget" */ = {
			isa = XCConfigurationList;
			buildConfigurations = (
				AA0000000000000000000086 /* Debug */,
				AA0000000000000000000087 /* Release */,
			);
			defaultConfigurationIsVisible = 0;
			defaultConfigurationName = Release;
		};
		AA000000000000000000008B /* Build configuration list for PBXNativeTarget "HydroHomieTests" */ = {
			isa = XCConfigurationList;
			buildConfigurations = (
				AA0000000000000000000089 /* Debug */,
				AA000000000000000000008A /* Release */,
			);
			defaultConfigurationIsVisible = 0;
			defaultConfigurationName = Release;
		};
/* End XCConfigurationList section */
	};
	rootObject = AA0000000000000000000001 /* Project object */;
}
